
Microsoft Visual Studio Solution File, Format Version 12.00
# Visual Studio Version 17
VisualStudioVersion = 17.0.31903.59
MinimumVisualStudioVersion = 10.0.40219.1
Project("{2150E333-8FDC-42A3-9474-1A3956D46DE8}") = "src", "src", "{FAC6CCFB-A015-4E5C-83C5-CC0C152F9310}"
EndProject
Project("{2150E333-8FDC-42A3-9474-1A3956D46DE8}") = "test", "test", "{CB892A00-46D2-491F-883B-5D6BB165385B}"
EndProject
Project("{2150E333-8FDC-42A3-9474-1A3956D46DE8}") = "BuildingBlocks", "BuildingBlocks", "{DFD5295D-6981-4D6B-846E-661CDAF95A69}"
EndProject
Project("{FAE04EC0-301F-11D3-BF4B-00C04F79EFBC}") = "Testly.DependencyInjection", "src\BuildingBlocks\Testly.DependencyInjection\Testly.DependencyInjection.csproj", "{BC280339-964F-4011-9AA5-623D5E2A42E4}"
EndProject
Project("{2150E333-8FDC-42A3-9474-1A3956D46DE8}") = "Smtp", "Smtp", "{873D9642-167B-4EAE-9480-BFB89ED8FCCA}"
EndProject
Project("{FAE04EC0-301F-11D3-BF4B-00C04F79EFBC}") = "Testly.Domain", "src\BuildingBlocks\Testly.Domain\Testly.Domain.csproj", "{6A10C3B1-9C5A-471F-90A2-1A3BA94AB9FD}"
EndProject
Project("{FAE04EC0-301F-11D3-BF4B-00C04F79EFBC}") = "Testly.Application", "src\BuildingBlocks\Testly.Application\Testly.Application.csproj", "{98E7AAC1-3824-44F8-9E8A-893F66233E83}"
EndProject
Project("{FAE04EC0-301F-11D3-BF4B-00C04F79EFBC}") = "Testly.Infrastructure", "src\BuildingBlocks\Testly.Infrastructure\Testly.Infrastructure.csproj", "{F10F9476-51C7-43A1-933F-80627BDC58AA}"
EndProject
Project("{FAE04EC0-301F-11D3-BF4B-00C04F79EFBC}") = "Testly.AOP", "src\BuildingBlocks\Testly.AOP\Testly.AOP.csproj", "{8FF9A651-4C2F-43AC-AAA7-AAE83F761E86}"
EndProject
Project("{FAE04EC0-301F-11D3-BF4B-00C04F79EFBC}") = "Testly.AOP.Tests", "test\Testly.AOP.Tests\Testly.AOP.Tests.csproj", "{196B49F5-E249-4E5D-A402-083AC08E5569}"
EndProject
Project("{FAE04EC0-301F-11D3-BF4B-00C04F79EFBC}") = "Testly.AOP.Test.Mocks", "test\Testly.AOP.Test.Mocks\Testly.AOP.Test.Mocks.csproj", "{B0E45B59-FFD6-4AC1-877B-51ADEB050AD2}"
EndProject
Global
	GlobalSection(SolutionConfigurationPlatforms) = preSolution
		Debug|Any CPU = Debug|Any CPU
		Release|Any CPU = Release|Any CPU
	EndGlobalSection
	GlobalSection(ProjectConfigurationPlatforms) = postSolution
		{BC280339-964F-4011-9AA5-623D5E2A42E4}.Debug|Any CPU.ActiveCfg = Debug|Any CPU
		{BC280339-964F-4011-9AA5-623D5E2A42E4}.Debug|Any CPU.Build.0 = Debug|Any CPU
		{BC280339-964F-4011-9AA5-623D5E2A42E4}.Release|Any CPU.ActiveCfg = Release|Any CPU
		{BC280339-964F-4011-9AA5-623D5E2A42E4}.Release|Any CPU.Build.0 = Release|Any CPU
		{6A10C3B1-9C5A-471F-90A2-1A3BA94AB9FD}.Debug|Any CPU.ActiveCfg = Debug|Any CPU
		{6A10C3B1-9C5A-471F-90A2-1A3BA94AB9FD}.Debug|Any CPU.Build.0 = Debug|Any CPU
		{6A10C3B1-9C5A-471F-90A2-1A3BA94AB9FD}.Release|Any CPU.ActiveCfg = Release|Any CPU
		{6A10C3B1-9C5A-471F-90A2-1A3BA94AB9FD}.Release|Any CPU.Build.0 = Release|Any CPU
		{98E7AAC1-3824-44F8-9E8A-893F66233E83}.Debug|Any CPU.ActiveCfg = Debug|Any CPU
		{98E7AAC1-3824-44F8-9E8A-893F66233E83}.Debug|Any CPU.Build.0 = Debug|Any CPU
		{98E7AAC1-3824-44F8-9E8A-893F66233E83}.Release|Any CPU.ActiveCfg = Release|Any CPU
		{98E7AAC1-3824-44F8-9E8A-893F66233E83}.Release|Any CPU.Build.0 = Release|Any CPU
		{F10F9476-51C7-43A1-933F-80627BDC58AA}.Debug|Any CPU.ActiveCfg = Debug|Any CPU
		{F10F9476-51C7-43A1-933F-80627BDC58AA}.Debug|Any CPU.Build.0 = Debug|Any CPU
		{F10F9476-51C7-43A1-933F-80627BDC58AA}.Release|Any CPU.ActiveCfg = Release|Any CPU
		{F10F9476-51C7-43A1-933F-80627BDC58AA}.Release|Any CPU.Build.0 = Release|Any CPU
		{8FF9A651-4C2F-43AC-AAA7-AAE83F761E86}.Debug|Any CPU.ActiveCfg = Debug|Any CPU
		{8FF9A651-4C2F-43AC-AAA7-AAE83F761E86}.Debug|Any CPU.Build.0 = Debug|Any CPU
		{8FF9A651-4C2F-43AC-AAA7-AAE83F761E86}.Release|Any CPU.ActiveCfg = Release|Any CPU
		{8FF9A651-4C2F-43AC-AAA7-AAE83F761E86}.Release|Any CPU.Build.0 = Release|Any CPU
		{196B49F5-E249-4E5D-A402-083AC08E5569}.Debug|Any CPU.ActiveCfg = Debug|Any CPU
		{196B49F5-E249-4E5D-A402-083AC08E5569}.Debug|Any CPU.Build.0 = Debug|Any CPU
		{196B49F5-E249-4E5D-A402-083AC08E5569}.Release|Any CPU.ActiveCfg = Release|Any CPU
		{196B49F5-E249-4E5D-A402-083AC08E5569}.Release|Any CPU.Build.0 = Release|Any CPU
		{B0E45B59-FFD6-4AC1-877B-51ADEB050AD2}.Debug|Any CPU.ActiveCfg = Debug|Any CPU
		{B0E45B59-FFD6-4AC1-877B-51ADEB050AD2}.Debug|Any CPU.Build.0 = Debug|Any CPU
		{B0E45B59-FFD6-4AC1-877B-51ADEB050AD2}.Release|Any CPU.ActiveCfg = Release|Any CPU
		{B0E45B59-FFD6-4AC1-877B-51ADEB050AD2}.Release|Any CPU.Build.0 = Release|Any CPU
	EndGlobalSection
	GlobalSection(SolutionProperties) = preSolution
		HideSolutionNode = FALSE
	EndGlobalSection
	GlobalSection(NestedProjects) = preSolution
		{DFD5295D-6981-4D6B-846E-661CDAF95A69} = {FAC6CCFB-A015-4E5C-83C5-CC0C152F9310}
		{BC280339-964F-4011-9AA5-623D5E2A42E4} = {DFD5295D-6981-4D6B-846E-661CDAF95A69}
		{873D9642-167B-4EAE-9480-BFB89ED8FCCA} = {FAC6CCFB-A015-4E5C-83C5-CC0C152F9310}
		{6A10C3B1-9C5A-471F-90A2-1A3BA94AB9FD} = {DFD5295D-6981-4D6B-846E-661CDAF95A69}
		{98E7AAC1-3824-44F8-9E8A-893F66233E83} = {DFD5295D-6981-4D6B-846E-661CDAF95A69}
		{F10F9476-51C7-43A1-933F-80627BDC58AA} = {DFD5295D-6981-4D6B-846E-661CDAF95A69}
		{8FF9A651-4C2F-43AC-AAA7-AAE83F761E86} = {DFD5295D-6981-4D6B-846E-661CDAF95A69}
		{196B49F5-E249-4E5D-A402-083AC08E5569} = {CB892A00-46D2-491F-883B-5D6BB165385B}
		{B0E45B59-FFD6-4AC1-877B-51ADEB050AD2} = {CB892A00-46D2-491F-883B-5D6BB165385B}
	EndGlobalSection
EndGlobal
