
Microsoft Visual Studio Solution File, Format Version 12.00
# Visual Studio Version 17
VisualStudioVersion = 17.0.31903.59
MinimumVisualStudioVersion = 10.0.40219.1
Project("{2150E333-8FDC-42A3-9474-1A3956D46DE8}") = "src", "src", "{FAC6CCFB-A015-4E5C-83C5-CC0C152F9310}"
EndProject
Project("{2150E333-8FDC-42A3-9474-1A3956D46DE8}") = "test", "test", "{CB892A00-46D2-491F-883B-5D6BB165385B}"
EndProject
Project("{2150E333-8FDC-42A3-9474-1A3956D46DE8}") = "BuildingBlocks", "BuildingBlocks", "{DFD5295D-6981-4D6B-846E-661CDAF95A69}"
EndProject
Project("{FAE04EC0-301F-11D3-BF4B-00C04F79EFBC}") = "Testly.Domain", "src\BuildingBlocks\Testly.Domain\Testly.Domain.csproj", "{DE525D3C-D88F-4666-A8E1-1F6261AE5170}"
EndProject
Project("{FAE04EC0-301F-11D3-BF4B-00C04F79EFBC}") = "Testly.DependencyInjection", "src\BuildingBlocks\Testly.DependencyInjection\Testly.DependencyInjection.csproj", "{BC280339-964F-4011-9AA5-623D5E2A42E4}"
EndProject
Project("{FAE04EC0-301F-11D3-BF4B-00C04F79EFBC}") = "Testly.Infrastructure", "src\BuildingBlocks\Testly.Infrastructure\Testly.Infrastructure.csproj", "{3BE7DACF-0432-477B-97B6-376E4AD0F615}"
EndProject
Project("{FAE04EC0-301F-11D3-BF4B-00C04F79EFBC}") = "Testly.Application", "src\BuildingBlocks\Testly.Application\Testly.Application.csproj", "{3E42E983-93A7-4570-B5E0-87CD4824F7D9}"
EndProject
Project("{2150E333-8FDC-42A3-9474-1A3956D46DE8}") = "Smtp", "Smtp", "{873D9642-167B-4EAE-9480-BFB89ED8FCCA}"
EndProject
Project("{FAE04EC0-301F-11D3-BF4B-00C04F79EFBC}") = "Testly.Smtp.Domain", "src\Smtp\Testly.Smtp.Domain\Testly.Smtp.Domain.csproj", "{4F438E11-5901-4A94-9468-42C6D0EE13E1}"
EndProject
Project("{FAE04EC0-301F-11D3-BF4B-00C04F79EFBC}") = "Testly.Smtp.Infrastructure", "src\Smtp\Testly.Smtp.Infrastructure\Testly.Smtp.Infrastructure.csproj", "{17AD4A91-62B1-43B5-8CD6-B106F566F33C}"
EndProject
Project("{FAE04EC0-301F-11D3-BF4B-00C04F79EFBC}") = "Testly.Smtp.Application", "src\Smtp\Testly.Smtp.Application\Testly.Smtp.Application.csproj", "{035AAE75-9083-42C0-B04C-66BD2D5CECB1}"
EndProject
Project("{FAE04EC0-301F-11D3-BF4B-00C04F79EFBC}") = "Testly.Smtp.Api", "src\Smtp\Testly.Smtp.Api\Testly.Smtp.Api.csproj", "{55021C6E-74BC-47CF-8387-4037F42C5F68}"
EndProject
Global
	GlobalSection(SolutionConfigurationPlatforms) = preSolution
		Debug|Any CPU = Debug|Any CPU
		Release|Any CPU = Release|Any CPU
	EndGlobalSection
	GlobalSection(ProjectConfigurationPlatforms) = postSolution
		{DE525D3C-D88F-4666-A8E1-1F6261AE5170}.Debug|Any CPU.ActiveCfg = Debug|Any CPU
		{DE525D3C-D88F-4666-A8E1-1F6261AE5170}.Debug|Any CPU.Build.0 = Debug|Any CPU
		{DE525D3C-D88F-4666-A8E1-1F6261AE5170}.Release|Any CPU.ActiveCfg = Release|Any CPU
		{DE525D3C-D88F-4666-A8E1-1F6261AE5170}.Release|Any CPU.Build.0 = Release|Any CPU
		{BC280339-964F-4011-9AA5-623D5E2A42E4}.Debug|Any CPU.ActiveCfg = Debug|Any CPU
		{BC280339-964F-4011-9AA5-623D5E2A42E4}.Debug|Any CPU.Build.0 = Debug|Any CPU
		{BC280339-964F-4011-9AA5-623D5E2A42E4}.Release|Any CPU.ActiveCfg = Release|Any CPU
		{BC280339-964F-4011-9AA5-623D5E2A42E4}.Release|Any CPU.Build.0 = Release|Any CPU
		{3BE7DACF-0432-477B-97B6-376E4AD0F615}.Debug|Any CPU.ActiveCfg = Debug|Any CPU
		{3BE7DACF-0432-477B-97B6-376E4AD0F615}.Debug|Any CPU.Build.0 = Debug|Any CPU
		{3BE7DACF-0432-477B-97B6-376E4AD0F615}.Release|Any CPU.ActiveCfg = Release|Any CPU
		{3BE7DACF-0432-477B-97B6-376E4AD0F615}.Release|Any CPU.Build.0 = Release|Any CPU
		{3E42E983-93A7-4570-B5E0-87CD4824F7D9}.Debug|Any CPU.ActiveCfg = Debug|Any CPU
		{3E42E983-93A7-4570-B5E0-87CD4824F7D9}.Debug|Any CPU.Build.0 = Debug|Any CPU
		{3E42E983-93A7-4570-B5E0-87CD4824F7D9}.Release|Any CPU.ActiveCfg = Release|Any CPU
		{3E42E983-93A7-4570-B5E0-87CD4824F7D9}.Release|Any CPU.Build.0 = Release|Any CPU
		{4F438E11-5901-4A94-9468-42C6D0EE13E1}.Debug|Any CPU.ActiveCfg = Debug|Any CPU
		{4F438E11-5901-4A94-9468-42C6D0EE13E1}.Debug|Any CPU.Build.0 = Debug|Any CPU
		{4F438E11-5901-4A94-9468-42C6D0EE13E1}.Release|Any CPU.ActiveCfg = Release|Any CPU
		{4F438E11-5901-4A94-9468-42C6D0EE13E1}.Release|Any CPU.Build.0 = Release|Any CPU
		{17AD4A91-62B1-43B5-8CD6-B106F566F33C}.Debug|Any CPU.ActiveCfg = Debug|Any CPU
		{17AD4A91-62B1-43B5-8CD6-B106F566F33C}.Debug|Any CPU.Build.0 = Debug|Any CPU
		{17AD4A91-62B1-43B5-8CD6-B106F566F33C}.Release|Any CPU.ActiveCfg = Release|Any CPU
		{17AD4A91-62B1-43B5-8CD6-B106F566F33C}.Release|Any CPU.Build.0 = Release|Any CPU
		{035AAE75-9083-42C0-B04C-66BD2D5CECB1}.Debug|Any CPU.ActiveCfg = Debug|Any CPU
		{035AAE75-9083-42C0-B04C-66BD2D5CECB1}.Debug|Any CPU.Build.0 = Debug|Any CPU
		{035AAE75-9083-42C0-B04C-66BD2D5CECB1}.Release|Any CPU.ActiveCfg = Release|Any CPU
		{035AAE75-9083-42C0-B04C-66BD2D5CECB1}.Release|Any CPU.Build.0 = Release|Any CPU
		{55021C6E-74BC-47CF-8387-4037F42C5F68}.Debug|Any CPU.ActiveCfg = Debug|Any CPU
		{55021C6E-74BC-47CF-8387-4037F42C5F68}.Debug|Any CPU.Build.0 = Debug|Any CPU
		{55021C6E-74BC-47CF-8387-4037F42C5F68}.Release|Any CPU.ActiveCfg = Release|Any CPU
		{55021C6E-74BC-47CF-8387-4037F42C5F68}.Release|Any CPU.Build.0 = Release|Any CPU
	EndGlobalSection
	GlobalSection(SolutionProperties) = preSolution
		HideSolutionNode = FALSE
	EndGlobalSection
	GlobalSection(NestedProjects) = preSolution
		{DFD5295D-6981-4D6B-846E-661CDAF95A69} = {FAC6CCFB-A015-4E5C-83C5-CC0C152F9310}
		{DE525D3C-D88F-4666-A8E1-1F6261AE5170} = {DFD5295D-6981-4D6B-846E-661CDAF95A69}
		{BC280339-964F-4011-9AA5-623D5E2A42E4} = {DFD5295D-6981-4D6B-846E-661CDAF95A69}
		{3BE7DACF-0432-477B-97B6-376E4AD0F615} = {DFD5295D-6981-4D6B-846E-661CDAF95A69}
		{3E42E983-93A7-4570-B5E0-87CD4824F7D9} = {DFD5295D-6981-4D6B-846E-661CDAF95A69}
		{873D9642-167B-4EAE-9480-BFB89ED8FCCA} = {FAC6CCFB-A015-4E5C-83C5-CC0C152F9310}
		{4F438E11-5901-4A94-9468-42C6D0EE13E1} = {873D9642-167B-4EAE-9480-BFB89ED8FCCA}
		{17AD4A91-62B1-43B5-8CD6-B106F566F33C} = {873D9642-167B-4EAE-9480-BFB89ED8FCCA}
		{035AAE75-9083-42C0-B04C-66BD2D5CECB1} = {873D9642-167B-4EAE-9480-BFB89ED8FCCA}
		{55021C6E-74BC-47CF-8387-4037F42C5F68} = {873D9642-167B-4EAE-9480-BFB89ED8FCCA}
	EndGlobalSection
EndGlobal
